
Microsoft Visual Studio Solution File, Format Version 12.00
Project("{2150E333-8FDC-42A3-9474-1A3956D46DE8}") = "Solution Items", "Solution Items", "{E9478A3B-3C6C-4457-B89F-234CCD2C6B03}"
	ProjectSection(SolutionItems) = preProject
		.editorconfig = .editorconfig
		Directory.Packages.props = Directory.Packages.props
		..\.gitattributes = ..\.gitattributes
		Directory.Build.props = Directory.Build.props
	EndProjectSection
EndProject
Project("{2150E333-8FDC-42A3-9474-1A3956D46DE8}") = "src", "src", "{CE207E1E-9D12-4D73-BE18-BDC2B05E50CF}"
EndProject
Project("{2150E333-8FDC-42A3-9474-1A3956D46DE8}") = "test", "test", "{BDA60891-07C0-4D28-A0E9-08E5A7F92C9B}"
EndProject
Project("{FAE04EC0-301F-11D3-BF4B-00C04F79EFBC}") = "KakeiBro.API", "src\KakeiBro.API\KakeiBro.API.csproj", "{72C4AE2B-55F3-4E68-824F-3768FABC0BF1}"
EndProject
Project("{2150E333-8FDC-42A3-9474-1A3956D46DE8}") = "workflows", "workflows", "{967D580B-5482-4829-AED4-140562F2A3B9}"
	ProjectSection(SolutionItems) = preProject
		..\.github\workflows\pull-request.yml = ..\.github\workflows\pull-request.yml
		..\.github\workflows\master-push.yml = ..\.github\workflows\master-push.yml
		..\.github\workflows\cleanup-image-registry.yml = ..\.github\workflows\cleanup-image-registry.yml
		..\.github\workflows\cleanup-caches.yml = ..\.github\workflows\cleanup-caches.yml
	EndProjectSection
EndProject
Project("{2150E333-8FDC-42A3-9474-1A3956D46DE8}") = "scripts", "scripts", "{B1272177-809A-49CF-AC7F-89D78A844E3C}"
	ProjectSection(SolutionItems) = preProject
		..\.github\scripts\image-cleanup.sh = ..\.github\scripts\image-cleanup.sh
	EndProjectSection
EndProject
Project("{2150E333-8FDC-42A3-9474-1A3956D46DE8}") = "Modules", "Modules", "{A02BECD9-AB71-4977-8DB4-868D121ACC91}"
EndProject
Project("{FAE04EC0-301F-11D3-BF4B-00C04F79EFBC}") = "Modules.Authentication", "src\Modules\Modules.Authentication\Modules.Authentication.csproj", "{F9D88C6F-286F-4DB6-B445-4CEADBB5B248}"
EndProject
Project("{2150E333-8FDC-42A3-9474-1A3956D46DE8}") = "Common", "Common", "{1CFC32E7-3763-432C-A236-1A3FE7BA0E5C}"
EndProject
Project("{FAE04EC0-301F-11D3-BF4B-00C04F79EFBC}") = "Common.Library", "src\Common\Common.Library\Common.Library.csproj", "{4FF32659-100F-4C10-8117-31CBD67B9352}"
EndProject
Project("{2150E333-8FDC-42A3-9474-1A3956D46DE8}") = "git-hooks", "git-hooks", "{EB83F880-A552-4178-B35F-415332CF7400}"
	ProjectSection(SolutionItems) = preProject
		..\git-hooks\post-commit = ..\git-hooks\post-commit
		..\git-hooks\post-commit.ps1 = ..\git-hooks\post-commit.ps1
		..\git-hooks\post-commit.sh = ..\git-hooks\post-commit.sh
		..\git-hooks\pre-commit = ..\git-hooks\pre-commit
		..\git-hooks\pre-commit.ps1 = ..\git-hooks\pre-commit.ps1
		..\git-hooks\pre-commit.sh = ..\git-hooks\pre-commit.sh
		..\git-hooks\pre-push = ..\git-hooks\pre-push
		..\git-hooks\pre-push.ps1 = ..\git-hooks\pre-push.ps1
		..\git-hooks\pre-push.sh = ..\git-hooks\pre-push.sh
	EndProjectSection
EndProject
Project("{FAE04EC0-301F-11D3-BF4B-00C04F79EFBC}") = "Modules.Authentication.Tests", "test\Modules.Authentication.Tests\Modules.Authentication.Tests.csproj", "{8F807F77-5074-46F6-B6C3-320472775C69}"
EndProject
Project("{FAE04EC0-301F-11D3-BF4B-00C04F79EFBC}") = "Common.Library.Tests", "test\Common.Library.Tests\Common.Library.Tests.csproj", "{E2A50D73-9E6A-43F4-892E-A5E1F9FDAAAD}"
EndProject
Global
	GlobalSection(SolutionConfigurationPlatforms) = preSolution
		Debug|Any CPU = Debug|Any CPU
		Release|Any CPU = Release|Any CPU
	EndGlobalSection
	GlobalSection(NestedProjects) = preSolution
		{72C4AE2B-55F3-4E68-824F-3768FABC0BF1} = {CE207E1E-9D12-4D73-BE18-BDC2B05E50CF}
		{967D580B-5482-4829-AED4-140562F2A3B9} = {E9478A3B-3C6C-4457-B89F-234CCD2C6B03}
		{B1272177-809A-49CF-AC7F-89D78A844E3C} = {E9478A3B-3C6C-4457-B89F-234CCD2C6B03}
		{A02BECD9-AB71-4977-8DB4-868D121ACC91} = {CE207E1E-9D12-4D73-BE18-BDC2B05E50CF}
		{F9D88C6F-286F-4DB6-B445-4CEADBB5B248} = {A02BECD9-AB71-4977-8DB4-868D121ACC91}
		{1CFC32E7-3763-432C-A236-1A3FE7BA0E5C} = {CE207E1E-9D12-4D73-BE18-BDC2B05E50CF}
		{4FF32659-100F-4C10-8117-31CBD67B9352} = {1CFC32E7-3763-432C-A236-1A3FE7BA0E5C}
		{EB83F880-A552-4178-B35F-415332CF7400} = {E9478A3B-3C6C-4457-B89F-234CCD2C6B03}
		{8F807F77-5074-46F6-B6C3-320472775C69} = {BDA60891-07C0-4D28-A0E9-08E5A7F92C9B}
		{E2A50D73-9E6A-43F4-892E-A5E1F9FDAAAD} = {BDA60891-07C0-4D28-A0E9-08E5A7F92C9B}
	EndGlobalSection
	GlobalSection(ProjectConfigurationPlatforms) = postSolution
		{72C4AE2B-55F3-4E68-824F-3768FABC0BF1}.Debug|Any CPU.ActiveCfg = Debug|Any CPU
		{72C4AE2B-55F3-4E68-824F-3768FABC0BF1}.Debug|Any CPU.Build.0 = Debug|Any CPU
		{72C4AE2B-55F3-4E68-824F-3768FABC0BF1}.Release|Any CPU.ActiveCfg = Release|Any CPU
		{72C4AE2B-55F3-4E68-824F-3768FABC0BF1}.Release|Any CPU.Build.0 = Release|Any CPU
		{F9D88C6F-286F-4DB6-B445-4CEADBB5B248}.Debug|Any CPU.ActiveCfg = Debug|Any CPU
		{F9D88C6F-286F-4DB6-B445-4CEADBB5B248}.Debug|Any CPU.Build.0 = Debug|Any CPU
		{F9D88C6F-286F-4DB6-B445-4CEADBB5B248}.Release|Any CPU.ActiveCfg = Release|Any CPU
		{F9D88C6F-286F-4DB6-B445-4CEADBB5B248}.Release|Any CPU.Build.0 = Release|Any CPU
		{4FF32659-100F-4C10-8117-31CBD67B9352}.Debug|Any CPU.ActiveCfg = Debug|Any CPU
		{4FF32659-100F-4C10-8117-31CBD67B9352}.Debug|Any CPU.Build.0 = Debug|Any CPU
		{4FF32659-100F-4C10-8117-31CBD67B9352}.Release|Any CPU.ActiveCfg = Release|Any CPU
		{4FF32659-100F-4C10-8117-31CBD67B9352}.Release|Any CPU.Build.0 = Release|Any CPU
		{8F807F77-5074-46F6-B6C3-320472775C69}.Debug|Any CPU.ActiveCfg = Debug|Any CPU
		{8F807F77-5074-46F6-B6C3-320472775C69}.Debug|Any CPU.Build.0 = Debug|Any CPU
		{8F807F77-5074-46F6-B6C3-320472775C69}.Release|Any CPU.ActiveCfg = Release|Any CPU
		{8F807F77-5074-46F6-B6C3-320472775C69}.Release|Any CPU.Build.0 = Release|Any CPU
		{E2A50D73-9E6A-43F4-892E-A5E1F9FDAAAD}.Debug|Any CPU.ActiveCfg = Debug|Any CPU
		{E2A50D73-9E6A-43F4-892E-A5E1F9FDAAAD}.Debug|Any CPU.Build.0 = Debug|Any CPU
		{E2A50D73-9E6A-43F4-892E-A5E1F9FDAAAD}.Release|Any CPU.ActiveCfg = Release|Any CPU
		{E2A50D73-9E6A-43F4-892E-A5E1F9FDAAAD}.Release|Any CPU.Build.0 = Release|Any CPU
	EndGlobalSection
EndGlobal
